
Microsoft Visual Studio Solution File, Format Version 12.00
# Visual Studio 15
VisualStudioVersion = 15.0.28307.539
MinimumVisualStudioVersion = 10.0.40219.1
Project("{FAE04EC0-301F-11D3-BF4B-00C04F79EFBC}") = "Code_Challenges", "CodeTesting\Code_Challenges.csproj", "{A4EDA43E-DDF5-46BA-9B92-4D7BBDD08C60}"
EndProject
Project("{FAE04EC0-301F-11D3-BF4B-00C04F79EFBC}") = "Code_Tests", "Code_Tests\Code_Tests.csproj", "{A8D4081D-EB65-4711-8E71-9D0C4E392B60}"
EndProject
Global
	GlobalSection(SolutionConfigurationPlatforms) = preSolution
		Debug|Any CPU = Debug|Any CPU
		Release|Any CPU = Release|Any CPU
	EndGlobalSection
	GlobalSection(ProjectConfigurationPlatforms) = postSolution
		{A4EDA43E-DDF5-46BA-9B92-4D7BBDD08C60}.Debug|Any CPU.ActiveCfg = Debug|Any CPU
		{A4EDA43E-DDF5-46BA-9B92-4D7BBDD08C60}.Debug|Any CPU.Build.0 = Debug|Any CPU
		{A4EDA43E-DDF5-46BA-9B92-4D7BBDD08C60}.Release|Any CPU.ActiveCfg = Release|Any CPU
		{A4EDA43E-DDF5-46BA-9B92-4D7BBDD08C60}.Release|Any CPU.Build.0 = Release|Any CPU
		{A8D4081D-EB65-4711-8E71-9D0C4E392B60}.Debug|Any CPU.ActiveCfg = Debug|Any CPU
		{A8D4081D-EB65-4711-8E71-9D0C4E392B60}.Debug|Any CPU.Build.0 = Debug|Any CPU
		{A8D4081D-EB65-4711-8E71-9D0C4E392B60}.Release|Any CPU.ActiveCfg = Release|Any CPU
		{A8D4081D-EB65-4711-8E71-9D0C4E392B60}.Release|Any CPU.Build.0 = Release|Any CPU
	EndGlobalSection
	GlobalSection(SolutionProperties) = preSolution
		HideSolutionNode = FALSE
	EndGlobalSection
	GlobalSection(ExtensibilityGlobals) = postSolution
		SolutionGuid = {BAEA5781-D54A-4383-B60C-A4CC8FE66D1E}
	EndGlobalSection
EndGlobal
